
Microsoft Visual Studio Solution File, Format Version 12.00
# Visual Studio Version 16
VisualStudioVersion = 16.0.31624.102
MinimumVisualStudioVersion = 10.0.40219.1
Project("{9A19103F-16F7-4668-BE54-9A1E7A4F7556}") = "TextEditorFormApp", "TextEditorFormApp\TextEditorFormApp.csproj", "{175425E7-4644-4B1D-9AEE-342A4F570186}"
EndProject
Project("{2150E333-8FDC-42A3-9474-1A3956D46DE8}") = "Solution Items", "Solution Items", "{6DED2886-4F68-46A0-B826-5F3FCEDF443E}"
	ProjectSection(SolutionItems) = preProject
		.editorconfig = .editorconfig
	EndProjectSection
EndProject
Global
	GlobalSection(SolutionConfigurationPlatforms) = preSolution
		Debug|Any CPU = Debug|Any CPU
		Release|Any CPU = Release|Any CPU
	EndGlobalSection
	GlobalSection(ProjectConfigurationPlatforms) = postSolution
		{175425E7-4644-4B1D-9AEE-342A4F570186}.Debug|Any CPU.ActiveCfg = Debug|Any CPU
		{175425E7-4644-4B1D-9AEE-342A4F570186}.Debug|Any CPU.Build.0 = Debug|Any CPU
		{175425E7-4644-4B1D-9AEE-342A4F570186}.Release|Any CPU.ActiveCfg = Release|Any CPU
		{175425E7-4644-4B1D-9AEE-342A4F570186}.Release|Any CPU.Build.0 = Release|Any CPU
	EndGlobalSection
	GlobalSection(SolutionProperties) = preSolution
		HideSolutionNode = FALSE
	EndGlobalSection
	GlobalSection(ExtensibilityGlobals) = postSolution
		SolutionGuid = {137EBB49-82C2-4130-9816-C2B04A59AF66}
	EndGlobalSection
EndGlobal
